
Microsoft Visual Studio Solution File, Format Version 12.00
# Visual Studio Version 17
VisualStudioVersion = 17.13.35825.156 d17.13
MinimumVisualStudioVersion = 10.0.40219.1
Project("{FAE04EC0-301F-11D3-BF4B-00C04F79EFBC}") = "TriviaPro", "TriviaPro\TriviaPro.csproj", "{D9947BD0-3EC9-482F-A39C-EE8D40E4D9C4}"
EndProject
Global
	GlobalSection(SolutionConfigurationPlatforms) = preSolution
		Debug|Any CPU = Debug|Any CPU
		Release|Any CPU = Release|Any CPU
	EndGlobalSection
	GlobalSection(ProjectConfigurationPlatforms) = postSolution
		{D9947BD0-3EC9-482F-A39C-EE8D40E4D9C4}.Debug|Any CPU.ActiveCfg = Debug|Any CPU
		{D9947BD0-3EC9-482F-A39C-EE8D40E4D9C4}.Debug|Any CPU.Build.0 = Debug|Any CPU
		{D9947BD0-3EC9-482F-A39C-EE8D40E4D9C4}.Release|Any CPU.ActiveCfg = Release|Any CPU
		{D9947BD0-3EC9-482F-A39C-EE8D40E4D9C4}.Release|Any CPU.Build.0 = Release|Any CPU
	EndGlobalSection
	GlobalSection(SolutionProperties) = preSolution
		HideSolutionNode = FALSE
	EndGlobalSection
	GlobalSection(ExtensibilityGlobals) = postSolution
		SolutionGuid = {95D1C28B-00C4-4B1C-A202-B9E4000E1053}
	EndGlobalSection
EndGlobal
